// !$*UTF8*$!
{
	archiveVersion = 1;
	classes = {
	};
	objectVersion = 48;
	objects = {

/* Begin PBXBuildFile section */
		CBE9CCAF204D54BA005B6EE8 /* AppDelegate.swift in Sources */ = {isa = PBXBuildFile; fileRef = CBE9CCAE204D54BA005B6EE8 /* AppDelegate.swift */; };
		CBE9CCB1204D54BA005B6EE8 /* ViewController.swift in Sources */ = {isa = PBXBuildFile; fileRef = CBE9CCB0204D54BA005B6EE8 /* ViewController.swift */; };
		CBE9CCB4204D54BA005B6EE8 /* Main.storyboard in Resources */ = {isa = PBXBuildFile; fileRef = CBE9CCB2204D54BA005B6EE8 /* Main.storyboard */; };
		CBE9CCB6204D54BA005B6EE8 /* Assets.xcassets in Resources */ = {isa = PBXBuildFile; fileRef = CBE9CCB5204D54BA005B6EE8 /* Assets.xcassets */; };
		CBE9CCB9204D54BA005B6EE8 /* LaunchScreen.storyboard in Resources */ = {isa = PBXBuildFile; fileRef = CBE9CCB7204D54BA005B6EE8 /* LaunchScreen.storyboard */; };
		CBE9CCC1204D5B48005B6EE8 /* HeroViewController.swift in Sources */ = {isa = PBXBuildFile; fileRef = CBE9CCC0204D5B48005B6EE8 /* HeroViewController.swift */; };
		CBE9CCC3204D5CEC005B6EE8 /* HeroStats.swift in Sources */ = {isa = PBXBuildFile; fileRef = CBE9CCC2204D5CEC005B6EE8 /* HeroStats.swift */; };
/* End PBXBuildFile section */

/* Begin PBXFileReference section */
		CBE9CCAB204D54BA005B6EE8 /* JSONTableView.app */ = {isa = PBXFileReference; explicitFileType = wrapper.application; includeInIndex = 0; path = JSONTableView.app; sourceTree = BUILT_PRODUCTS_DIR; };
		CBE9CCAE204D54BA005B6EE8 /* AppDelegate.swift */ = {isa = PBXFileReference; lastKnownFileType = sourcecode.swift; path = AppDelegate.swift; sourceTree = "<group>"; };
		CBE9CCB0204D54BA005B6EE8 /* ViewController.swift */ = {isa = PBXFileReference; lastKnownFileType = sourcecode.swift; path = ViewController.swift; sourceTree = "<group>"; };
		CBE9CCB3204D54BA005B6EE8 /* Base */ = {isa = PBXFileReference; lastKnownFileType = file.storyboard; name = Base; path = Base.lproj/Main.storyboard; sourceTree = "<group>"; };
		CBE9CCB5204D54BA005B6EE8 /* Assets.xcassets */ = {isa = PBXFileReference; lastKnownFileType = folder.assetcatalog; path = Assets.xcassets; sourceTree = "<group>"; };
		CBE9CCB8204D54BA005B6EE8 /* Base */ = {isa = PBXFileReference; lastKnownFileType = file.storyboard; name = Base; path = Base.lproj/LaunchScreen.storyboard; sourceTree = "<group>"; };
		CBE9CCBA204D54BA005B6EE8 /* Info.plist */ = {isa = PBXFileReference; lastKnownFileType = text.plist.xml; path = Info.plist; sourceTree = "<group>"; };
		CBE9CCC0204D5B48005B6EE8 /* HeroViewController.swift */ = {isa = PBXFileReference; lastKnownFileType = sourcecode.swift; path = HeroViewController.swift; sourceTree = "<group>"; };
		CBE9CCC2204D5CEC005B6EE8 /* HeroStats.swift */ = {isa = PBXFileReference; lastKnownFileType = sourcecode.swift; path = HeroStats.swift; sourceTree = "<group>"; };
/* End PBXFileReference section */

/* Begin PBXFrameworksBuildPhase section */
		CBE9CCA8204D54BA005B6EE8 /* Frameworks */ = {
			isa = PBXFrameworksBuildPhase;
			buildActionMask = 2147483647;
			files = (
			);
			runOnlyForDeploymentPostprocessing = 0;
		};
/* End PBXFrameworksBuildPhase section */

/* Begin PBXGroup section */
		CBE9CCA2204D54BA005B6EE8 = {
			isa = PBXGroup;
			children = (
				CBE9CCAD204D54BA005B6EE8 /* JSONTableView */,
				CBE9CCAC204D54BA005B6EE8 /* Products */,
			);
			sourceTree = "<group>";
		};
		CBE9CCAC204D54BA005B6EE8 /* Products */ = {
			isa = PBXGroup;
			children = (
				CBE9CCAB204D54BA005B6EE8 /* JSONTableView.app */,
			);
			name = Products;
			sourceTree = "<group>";
		};
		CBE9CCAD204D54BA005B6EE8 /* JSONTableView */ = {
			isa = PBXGroup;
			children = (
				CBE9CCAE204D54BA005B6EE8 /* AppDelegate.swift */,
				CBE9CCB0204D54BA005B6EE8 /* ViewController.swift */,
				CBE9CCB2204D54BA005B6EE8 /* Main.storyboard */,
				CBE9CCC0204D5B48005B6EE8 /* HeroViewController.swift */,
				CBE9CCC2204D5CEC005B6EE8 /* HeroStats.swift */,
				CBE9CCB5204D54BA005B6EE8 /* Assets.xcassets */,
				CBE9CCB7204D54BA005B6EE8 /* LaunchScreen.storyboard */,
				CBE9CCBA204D54BA005B6EE8 /* Info.plist */,
			);
			path = JSONTableView;
			sourceTree = "<group>";
		};
/* End PBXGroup section */

/* Begin PBXNativeTarget section */
		CBE9CCAA204D54BA005B6EE8 /* JSONTableView */ = {
			isa = PBXNativeTarget;
			buildConfigurationList = CBE9CCBD204D54BA005B6EE8 /* Build configuration list for PBXNativeTarget "JSONTableView" */;
			buildPhases = (
				CBE9CCA7204D54BA005B6EE8 /* Sources */,
				CBE9CCA8204D54BA005B6EE8 /* Frameworks */,
				CBE9CCA9204D54BA005B6EE8 /* Resources */,
			);
			buildRules = (
			);
			dependencies = (
			);
			name = JSONTableView;
			productName = JSONTableView;
			productReference = CBE9CCAB204D54BA005B6EE8 /* JSONTableView.app */;
			productType = "com.apple.product-type.application";
		};
/* End PBXNativeTarget section */

/* Begin PBXProject section */
		CBE9CCA3204D54BA005B6EE8 /* Project object */ = {
			isa = PBXProject;
			attributes = {
				LastSwiftUpdateCheck = 0920;
				LastUpgradeCheck = 0920;
				ORGANIZATIONNAME = "Adroitent INC";
				TargetAttributes = {
					CBE9CCAA204D54BA005B6EE8 = {
						CreatedOnToolsVersion = 9.2;
						ProvisioningStyle = Automatic;
					};
				};
			};
			buildConfigurationList = CBE9CCA6204D54BA005B6EE8 /* Build configuration list for PBXProject "JSONTableView" */;
			compatibilityVersion = "Xcode 8.0";
			developmentRegion = en;
			hasScannedForEncodings = 0;
			knownRegions = (
				en,
				Base,
			);
			mainGroup = CBE9CCA2204D54BA005B6EE8;
			productRefGroup = CBE9CCAC204D54BA005B6EE8 /* Products */;
			projectDirPath = "";
			projectRoot = "";
			targets = (
				CBE9CCAA204D54BA005B6EE8 /* JSONTableView */,
			);
		};
/* End PBXProject section */

/* Begin PBXResourcesBuildPhase section */
		CBE9CCA9204D54BA005B6EE8 /* Resources */ = {
			isa = PBXResourcesBuildPhase;
			buildActionMask = 2147483647;
			files = (
				CBE9CCB9204D54BA005B6EE8 /* LaunchScreen.storyboard in Resources */,
				CBE9CCB6204D54BA005B6EE8 /* Assets.xcassets in Resources */,
				CBE9CCB4204D54BA005B6EE8 /* Main.storyboard in Resources */,
			);
			runOnlyForDeploymentPostprocessing = 0;
		};
/* End PBXResourcesBuildPhase section */

/* Begin PBXSourcesBuildPhase section */
		CBE9CCA7204D54BA005B6EE8 /* Sources */ = {
			isa = PBXSourcesBuildPhase;
			buildActionMask = 2147483647;
			files = (
				CBE9CCB1204D54BA005B6EE8 /* ViewController.swift in Sources */,
				CBE9CCC1204D5B48005B6EE8 /* HeroViewController.swift in Sources */,
				CBE9CCAF204D54BA005B6EE8 /* AppDelegate.swift in Sources */,
				CBE9CCC3204D5CEC005B6EE8 /* HeroStats.swift in Sources */,
			);
			runOnlyForDeploymentPostprocessing = 0;
		};
/* End PBXSourcesBuildPhase section */

/* Begin PBXVariantGroup section */
		CBE9CCB2204D54BA005B6EE8 /* Main.storyboard */ = {
			isa = PBXVariantGroup;
			children = (
				CBE9CCB3204D54BA005B6EE8 /* Base */,
			);
			name = Main.storyboard;
			sourceTree = "<group>";
		};
		CBE9CCB7204D54BA005B6EE8 /* LaunchScreen.storyboard */ = {
			isa = PBXVariantGroup;
			children = (
				CBE9CCB8204D54BA005B6EE8 /* Base */,
			);
			name = LaunchScreen.storyboard;
			sourceTree = "<group>";
		};
/* End PBXVariantGroup section */

/* Begin XCBuildConfiguration section */
		CBE9CCBB204D54BA005B6EE8 /* Debug */ = {
			isa = XCBuildConfiguration;
			buildSettings = {
				ALWAYS_SEARCH_USER_PATHS = NO;
				CLANG_ANALYZER_NONNULL = YES;
				CLANG_ANALYZER_NUMBER_OBJECT_CONVERSION = YES_AGGRESSIVE;
				CLANG_CXX_LANGUAGE_STANDARD = "gnu++14";
				CLANG_CXX_LIBRARY = "libc++";
				CLANG_ENABLE_MODULES = YES;
				CLANG_ENABLE_OBJC_ARC = YES;
				CLANG_WARN_BLOCK_CAPTURE_AUTORELEASING = YES;
				CLANG_WARN_BOOL_CONVERSION = YES;
				CLANG_WARN_COMMA = YES;
				CLANG_WARN_CONSTANT_CONVERSION = YES;
				CLANG_WARN_DIRECT_OBJC_ISA_USAGE = YES_ERROR;
				CLANG_WARN_DOCUMENTATION_COMMENTS = YES;
				CLANG_WARN_EMPTY_BODY = YES;
				CLANG_WARN_ENUM_CONVERSION = YES;
				CLANG_WARN_INFINITE_RECURSION = YES;
				CLANG_WARN_INT_CONVERSION = YES;
				CLANG_WARN_NON_LITERAL_NULL_CONVERSION = YES;
				CLANG_WARN_OBJC_LITERAL_CONVERSION = YES;
				CLANG_WARN_OBJC_ROOT_CLASS = YES_ERROR;
				CLANG_WARN_RANGE_LOOP_ANALYSIS = YES;
				CLANG_WARN_STRICT_PROTOTYPES = YES;
				CLANG_WARN_SUSPICIOUS_MOVE = YES;
				CLANG_WARN_UNGUARDED_AVAILABILITY = YES_AGGRESSIVE;
				CLANG_WARN_UNREACHABLE_CODE = YES;
				CLANG_WARN__DUPLICATE_METHOD_MATCH = YES;
				CODE_SIGN_IDENTITY = "iPhone Developer";
				COPY_PHASE_STRIP = NO;
				DEBUG_INFORMATION_FORMAT = dwarf;
				ENABLE_STRICT_OBJC_MSGSEND = YES;
				ENABLE_TESTABILITY = YES;
				GCC_C_LANGUAGE_STANDARD = gnu11;
				GCC_DYNAMIC_NO_PIC = NO;
				GCC_NO_COMMON_BLOCKS = YES;
				GCC_OPTIMIZATION_LEVEL = 0;
				GCC_PREPROCESSOR_DEFINITIONS = (
					"DEBUG=1",
					"$(inherited)",
				);
				GCC_WARN_64_TO_32_BIT_CONVERSION = YES;
				GCC_WARN_ABOUT_RETURN_TYPE = YES_ERROR;
				GCC_WARN_UNDECLARED_SELECTOR = YES;
				GCC_WARN_UNINITIALIZED_AUTOS = YES_AGGRESSIVE;
				GCC_WARN_UNUSED_FUNCTION = YES;
				GCC_WARN_UNUSED_VARIABLE = YES;
				IPHONEOS_DEPLOYMENT_TARGET = 11.2;
				MTL_ENABLE_DEBUG_INFO = YES;
				ONLY_ACTIVE_ARCH = YES;
				SDKROOT = iphoneos;
				SWIFT_ACTIVE_COMPILATION_CONDITIONS = DEBUG;
				SWIFT_OPTIMIZATION_LEVEL = "-Onone";
			};
			name = Debug;
		};
		CBE9CCBC204D54BA005B6EE8 /* Release */ = {
			isa = XCBuildConfiguration;
			buildSettings = {
				ALWAYS_SEARCH_USER_PATHS = NO;
				CLANG_ANALYZER_NONNULL = YES;
				CLANG_ANALYZER_NUMBER_OBJECT_CONVERSION = YES_AGGRESSIVE;
				CLANG_CXX_LANGUAGE_STANDARD = "gnu++14";
				CLANG_CXX_LIBRARY = "libc++";
				CLANG_ENABLE_MODULES = YES;
				CLANG_ENABLE_OBJC_ARC = YES;
				CLANG_WARN_BLOCK_CAPTURE_AUTORELEASING = YES;
				CLANG_WARN_BOOL_CONVERSION = YES;
				CLANG_WARN_COMMA = YES;
				CLANG_WARN_CONSTANT_CONVERSION = YES;
				CLANG_WARN_DIRECT_OBJC_ISA_USAGE = YES_ERROR;
				CLANG_WARN_DOCUMENTATION_COMMENTS = YES;
				CLANG_WARN_EMPTY_BODY = YES;
				CLANG_WARN_ENUM_CONVERSION = YES;
				CLANG_WARN_INFINITE_RECURSION = YES;
				CLANG_WARN_INT_CONVERSION = YES;
				CLANG_WARN_NON_LITERAL_NULL_CONVERSION = YES;
				CLANG_WARN_OBJC_LITERAL_CONVERSION = YES;
				CLANG_WARN_OBJC_ROOT_CLASS = YES_ERROR;
				CLANG_WARN_RANGE_LOOP_ANALYSIS = YES;
				CLANG_WARN_STRICT_PROTOTYPES = YES;
				CLANG_WARN_SUSPICIOUS_MOVE = YES;
				CLANG_WARN_UNGUARDED_AVAILABILITY = YES_AGGRESSIVE;
				CLANG_WARN_UNREACHABLE_CODE = YES;
				CLANG_WARN__DUPLICATE_METHOD_MATCH = YES;
				CODE_SIGN_IDENTITY = "iPhone Developer";
				COPY_PHASE_STRIP = NO;
				DEBUG_INFORMATION_FORMAT = "dwarf-with-dsym";
				ENABLE_NS_ASSERTIONS = NO;
				ENABLE_STRICT_OBJC_MSGSEND = YES;
				GCC_C_LANGUAGE_STANDARD = gnu11;
				GCC_NO_COMMON_BLOCKS = YES;
				GCC_WARN_64_TO_32_BIT_CONVERSION = YES;
				GCC_WARN_ABOUT_RETURN_TYPE = YES_ERROR;
				GCC_WARN_UNDECLARED_SELECTOR = YES;
				GCC_WARN_UNINITIALIZED_AUTOS = YES_AGGRESSIVE;
				GCC_WARN_UNUSED_FUNCTION = YES;
				GCC_WARN_UNUSED_VARIABLE = YES;
				IPHONEOS_DEPLOYMENT_TARGET = 11.2;
				MTL_ENABLE_DEBUG_INFO = NO;
				SDKROOT = iphoneos;
				SWIFT_OPTIMIZATION_LEVEL = "-Owholemodule";
				VALIDATE_PRODUCT = YES;
			};
			name = Release;
		};
		CBE9CCBE204D54BA005B6EE8 /* Debug */ = {
			isa = XCBuildConfiguration;
			buildSettings = {
				ASSETCATALOG_COMPILER_APPICON_NAME = AppIcon;
				CODE_SIGN_STYLE = Automatic;
				INFOPLIST_FILE = JSONTableView/Info.plist;
				LD_RUNPATH_SEARCH_PATHS = "$(inherited) @executable_path/Frameworks";
				PRODUCT_BUNDLE_IDENTIFIER = Adroitent.JSONTableView;
				PRODUCT_NAME = "$(TARGET_NAME)";
				SWIFT_VERSION = 4.0;
				TARGETED_DEVICE_FAMILY = "1,2";
			};
			name = Debug;
		};
		CBE9CCBF204D54BA005B6EE8 /* Release */ = {
			isa = XCBuildConfiguration;
			buildSettings = {
				ASSETCATALOG_COMPILER_APPICON_NAME = AppIcon;
				CODE_SIGN_STYLE = Automatic;
				INFOPLIST_FILE = JSONTableView/Info.plist;
				LD_RUNPATH_SEARCH_PATHS = "$(inherited) @executable_path/Frameworks";
				PRODUCT_BUNDLE_IDENTIFIER = Adroitent.JSONTableView;
				PRODUCT_NAME = "$(TARGET_NAME)";
				SWIFT_VERSION = 4.0;
				TARGETED_DEVICE_FAMILY = "1,2";
			};
			name = Release;
		};
/* End XCBuildConfiguration section */

/* Begin XCConfigurationList section */
		CBE9CCA6204D54BA005B6EE8 /* Build configuration list for PBXProject "JSONTableView" */ = {
			isa = XCConfigurationList;
			buildConfigurations = (
				CBE9CCBB204D54BA005B6EE8 /* Debug */,
				CBE9CCBC204D54BA005B6EE8 /* Release */,
			);
			defaultConfigurationIsVisible = 0;
			defaultConfigurationName = Release;
		};
		CBE9CCBD204D54BA005B6EE8 /* Build configuration list for PBXNativeTarget "JSONTableView" */ = {
			isa = XCConfigurationList;
			buildConfigurations = (
				CBE9CCBE204D54BA005B6EE8 /* Debug */,
				CBE9CCBF204D54BA005B6EE8 /* Release */,
			);
			defaultConfigurationIsVisible = 0;
			defaultConfigurationName = Release;
		};
/* End XCConfigurationList section */
	};
	rootObject = CBE9CCA3204D54BA005B6EE8 /* Project object */;
}
